dependencies:
  '@types/node': 14.0.5
  telegraf: 3.38.0
  twitch: 4.0.10
  twitch-chat-client: 4.0.10_twitch@4.0.10
lockfileVersion: 5.1
packages:
  /@d-fischer/cache-decorators/1.0.2:
    dependencies:
      '@d-fischer/shared-utils': 1.4.2
      '@types/node': 12.12.42
      tslib: 1.13.0
    dev: false
    resolution:
      integrity: sha512-CrfNJJyugYQvb6aQiZ8zZhtCA05vrfZGRy3vkP7FpL+ZKgjstnm1WK2fQzN5za2K7Hdz1u0g1q7EtQS3Rfy+mA==
  /@d-fischer/connection/2.0.1:
    dependencies:
      '@types/node': 12.12.42
      '@types/ws': 6.0.4
      tslib: 1.13.0
      universal-websocket-client: 1.0.2
    dev: false
    resolution:
      integrity: sha512-8Jv1rN+J0nvHDlFPzjfDZpw7vlEOcQzJI2yL5I2TK8GRWjL9ZB8cIalAEIiDduMf+tWlF78lRRuPu2pvVlBQYg==
  /@d-fischer/logger/0.2.3:
    dependencies:
      chalk: 3.0.0
      detect-node: 2.0.4
      tslib: 1.13.0
    dev: false
    resolution:
      integrity: sha512-3iZgtloeLQy/Fw4Jepi7NJVAr5Reu9Hs7H/V8eEZpRMoJQVlSYq9YI8F/sLq7HB//G+CmMobv4MA/miOkskskw==
  /@d-fischer/rate-limiter/0.1.2:
    dependencies:
      '@d-fischer/logger': 0.2.3
      '@types/node': 12.12.42
      '@types/promise.allsettled': 1.0.3
      promise.allsettled: 1.0.2
      tslib: 1.13.0
    dev: false
    resolution:
      integrity: sha512-rntxcTJzLIIEmYBSDc9+x2mFsphYRWVB9Y+WlKqqnHq9yV2/wNjf7fpet9BR3lvETEQbv/JJ/oc2S0snPbgs+Q==
  /@d-fischer/shared-utils/1.4.2:
    dependencies:
      '@types/node': 12.12.42
      tslib: 1.13.0
    dev: false
    resolution:
      integrity: sha512-XD79muEH+V09zDkSliaDny7KAzdLIPo3noRZHltkbVq4OtCGRnU6L2y7Z3K1DSPCllS302HJ+yCpq+ZAz9U5hw==
  /@d-fischer/typed-event-emitter/2.0.0:
    dev: false
    resolution:
      integrity: sha512-RVSN/+U1s4dcmwlexjQm09ExMFqzP7vsyJ/mEdtMgCs9vZUdK73FmdlLskgY6CCrXgu/7ZbiEm8iA2QTn2blFw==
  /@types/clone/0.1.30:
    dev: false
    resolution:
      integrity: sha1-5zZWSMG0ITalnH1QQGN7O1yDthQ=
  /@types/color-name/1.1.1:
    dev: false
    resolution:
      integrity: sha512-rr+OQyAjxze7GgWrSaJwydHStIhHq2lvY3BOC2Mj7KnzI7XK0Uw1TOOdI9lDoajEbSWLiYgoo4f1R51erQfhPQ==
  /@types/node/12.12.42:
    dev: false
    resolution:
      integrity: sha512-R/9QdYFLL9dE9l5cWWzWIZByVGFd7lk7JVOJ7KD+E1SJ4gni7XJRLz9QTjyYQiHIqEAgku9VgxdLjMlhhUaAFg==
  /@types/node/14.0.5:
    dev: false
    resolution:
      integrity: sha512-90hiq6/VqtQgX8Sp0EzeIsv3r+ellbGj4URKj5j30tLlZvRUpnAe9YbYnjl3pJM93GyXU0tghHhvXHq+5rnCKA==
  /@types/promise.allsettled/1.0.3:
    dev: false
    resolution:
      integrity: sha512-b/IFHHTkYkTqu41IH9UtpICwqrpKj2oNlb4KHPzFQDMiz+h1BgAeATeO0/XTph4+UkH9W2U0E4B4j64KWOovag==
  /@types/qs/6.9.3:
    dev: false
    resolution:
      integrity: sha512-7s9EQWupR1fTc2pSMtXRQ9w9gLOcrJn+h7HOXw4evxyvVqMi4f+q7d2tnFe3ng3SNHjtK+0EzGMGFUQX4/AQRA==
  /@types/ws/6.0.4:
    dependencies:
      '@types/node': 14.0.5
    dev: false
    resolution:
      integrity: sha512-PpPrX7SZW9re6+Ha8ojZG4Se8AZXgf0GK6zmfqEuCsY49LFDNXO3SByp44X3dFEqtB73lkCDAdUazhAjVPiNwg==
  /ansi-styles/4.2.1:
    dependencies:
      '@types/color-name': 1.1.1
      color-convert: 2.0.1
    dev: false
    engines:
      node: '>=8'
    resolution:
      integrity: sha512-9VGjrMsG1vePxcSweQsN20KY/c4zN0h9fLjqAbwbPfahM3t+NL+M9HC8xeXG2I8pX5NoamTGNuomEUFI7fcUjA==
  /array.prototype.map/1.0.2:
    dependencies:
      define-properties: 1.1.3
      es-abstract: 1.17.5
      es-array-method-boxes-properly: 1.0.0
      is-string: 1.0.5
    dev: false
    engines:
      node: '>= 0.4'
    resolution:
      integrity: sha512-Az3OYxgsa1g7xDYp86l0nnN4bcmuEITGe1rbdEBVkrqkzMgDcbdQ2R7r41pNzti+4NMces3H8gMmuioZUilLgw==
  /async-limiter/1.0.1:
    dev: false
    resolution:
      integrity: sha512-csOlWGAcRFJaI6m+F2WKdnMKr4HhdhFVBk0H/QbJFMCr+uO2kwohwXQPxw/9OCxp05r5ghVBFSyioixx3gfkNQ==
  /chalk/3.0.0:
    dependencies:
      ansi-styles: 4.2.1
      supports-color: 7.1.0
    dev: false
    engines:
      node: '>=8'
    resolution:
      integrity: sha512-4D3B6Wf41KOYRFdszmDqMCGq5VV/uMAB273JILmO+3jAlh8X4qDtdtgCR3fxtbLEMzSx22QdhnDcJvu2u1fVwg==
  /clone/2.1.2:
    dev: false
    engines:
      node: '>=0.8'
    resolution:
      integrity: sha1-G39Ln1kfHo+DZwQBYANFoCiHQ18=
  /color-convert/2.0.1:
    dependencies:
      color-name: 1.1.4
    dev: false
    engines:
      node: '>=7.0.0'
    resolution:
      integrity: sha512-RRECPsj7iu/xb5oKYcsFHSppFNnsj/52OVTRKb4zP5onXwVF3zVmmToNcOfGC+CRDpfK/U584fMg38ZHCaElKQ==
  /color-name/1.1.4:
    dev: false
    resolution:
      integrity: sha512-dOy+3AuW3a2wNbZHIuMZpTcgjGuLU/uBL/ubcZF9OXbDo8ff4O8yVp5Bf0efS8uEoYo5q4Fx7dY9OgQGXgAsQA==
  /debug/4.1.1:
    dependencies:
      ms: 2.1.2
    dev: false
    resolution:
      integrity: sha512-pYAIzeRo8J6KPEaJ0VWOh5Pzkbw/RetuzehGM7QRRX5he4fPHx2rdKMB256ehJCkX+XRQm16eZLqLNS8RSZXZw==
  /define-properties/1.1.3:
    dependencies:
      object-keys: 1.1.1
    dev: false
    engines:
      node: '>= 0.4'
    resolution:
      integrity: sha512-3MqfYKj2lLzdMSf8ZIZE/V+Zuy+BgD6f164e8K2w7dgnpKArBDerGYpM46IYYcjnkdPNMjPk9A6VFB8+3SKlXQ==
  /deprecate/1.1.1:
    dev: false
    resolution:
      integrity: sha512-ZGDXefq1xknT292LnorMY5s8UVU08/WKdzDZCUT6t9JzsiMSP4uzUhgpqugffNVcT5WC6wMBiSQ+LFjlv3v7iQ==
  /detect-node/2.0.4:
    dev: false
    resolution:
      integrity: sha512-ZIzRpLJrOj7jjP2miAtgqIfmzbxa4ZOr5jJc601zklsfEx9oTzmmj2nVpIPRpNlRTIh8lc1kyViIY7BWSGNmKw==
  /es-abstract/1.17.5:
    dependencies:
      es-to-primitive: 1.2.1
      function-bind: 1.1.1
      has: 1.0.3
      has-symbols: 1.0.1
      is-callable: 1.1.5
      is-regex: 1.0.5
      object-inspect: 1.7.0
      object-keys: 1.1.1
      object.assign: 4.1.0
      string.prototype.trimleft: 2.1.2
      string.prototype.trimright: 2.1.2
    dev: false
    engines:
      node: '>= 0.4'
    resolution:
      integrity: sha512-BR9auzDbySxOcfog0tLECW8l28eRGpDpU3Dm3Hp4q/N+VtLTmyj4EUN088XZWQDW/hzj6sYRDXeOFsaAODKvpg==
  /es-array-method-boxes-properly/1.0.0:
    dev: false
    resolution:
      integrity: sha512-wd6JXUmyHmt8T5a2xreUwKcGPq6f1f+WwIJkijUqiGcJz1qqnZgP6XIK+QyIWU5lT7imeNxUll48bziG+TSYcA==
  /es-get-iterator/1.1.0:
    dependencies:
      es-abstract: 1.17.5
      has-symbols: 1.0.1
      is-arguments: 1.0.4
      is-map: 2.0.1
      is-set: 2.0.1
      is-string: 1.0.5
      isarray: 2.0.5
    dev: false
    resolution:
      integrity: sha512-UfrmHuWQlNMTs35e1ypnvikg6jCz3SK8v8ImvmDsh36fCVUR1MqoFDiyn0/k52C8NqO3YsO8Oe0azeesNuqSsQ==
  /es-to-primitive/1.2.1:
    dependencies:
      is-callable: 1.1.5
      is-date-object: 1.0.2
      is-symbol: 1.0.3
    dev: false
    engines:
      node: '>= 0.4'
    resolution:
      integrity: sha512-QCOllgZJtaUo9miYBcLChTUaHNjJF3PYs1VidD7AwiEj1kYxKeQTctLAezAOH5ZKRH0g2IgPn6KwB4IT8iRpvA==
  /escape-string-regexp/2.0.0:
    dev: false
    engines:
      node: '>=8'
    resolution:
      integrity: sha512-UpzcLCXolUWcNu5HtVMHYdXJjArjsF9C0aNnquZYY4uW/Vu0miy5YoWvbV345HauVvcAUnpRuhMMcqTcGOY2+w==
  /fetch-ponyfill/6.1.0:
    dependencies:
      node-fetch: 2.6.0
    dev: false
    resolution:
      integrity: sha512-bLc7JCjpJZZUXVxbgwUhd72Q19MAokrCXOg/Akq+wl0uFLFLklFdBkZo5OpQ3kLI0oGqrKdx6t5Zo3QwXBRmbQ==
  /function-bind/1.1.1:
    dev: false
    resolution:
      integrity: sha512-yIovAzMX49sF8Yl58fSCWJ5svSLuaibPxXQJFLmBObTuCr0Mf1KiPopGM9NiFjiYBCbfaa2Fh6breQ6ANVTI0A==
  /has-flag/4.0.0:
    dev: false
    engines:
      node: '>=8'
    resolution:
      integrity: sha512-EykJT/Q1KjTWctppgIAgfSO0tKVuZUjhgMr17kqTumMl6Afv3EISleU7qZUzoXDFTAHTDC4NOoG/ZxU3EvlMPQ==
  /has-symbols/1.0.1:
    dev: false
    engines:
      node: '>= 0.4'
    resolution:
      integrity: sha512-PLcsoqu++dmEIZB+6totNFKq/7Do+Z0u4oT0zKOJNl3lYK6vGwwu2hjHs+68OEZbTjiUE9bgOABXbP/GvrS0Kg==
  /has/1.0.3:
    dependencies:
      function-bind: 1.1.1
    dev: false
    engines:
      node: '>= 0.4.0'
    resolution:
      integrity: sha512-f2dvO0VU6Oej7RkWJGrehjbzMAjFp5/VKPp5tTpWIV4JHHZK1/BxbFRtf/siA2SWTe09caDmVtYYzWEIbBS4zw==
  /ircv3/0.22.1:
    dependencies:
      '@d-fischer/connection': 2.0.1
      '@d-fischer/logger': 0.2.3
      '@d-fischer/shared-utils': 1.4.2
      '@d-fischer/typed-event-emitter': 2.0.0
      '@types/clone': 0.1.30
      '@types/node': 12.12.42
      '@types/ws': 6.0.4
      clone: 2.1.2
      escape-string-regexp: 2.0.0
      universal-websocket-client: 1.0.2
      ws: 7.3.0
    dev: false
    resolution:
      integrity: sha512-6MAKqepw4K3auRHnBKobxlrxV9gbvvS8qpePuX1ifdGbb0mgu7Abwp+x/IVBcwBQ3noIG/4aa4Q/S5rtNxFFtw==
  /is-arguments/1.0.4:
    dev: false
    engines:
      node: '>= 0.4'
    resolution:
      integrity: sha512-xPh0Rmt8NE65sNzvyUmWgI1tz3mKq74lGA0mL8LYZcoIzKOzDh6HmrYm3d18k60nHerC8A9Km8kYu87zfSFnLA==
  /is-callable/1.1.5:
    dev: false
    engines:
      node: '>= 0.4'
    resolution:
      integrity: sha512-ESKv5sMCJB2jnHTWZ3O5itG+O128Hsus4K4Qh1h2/cgn2vbgnLSVqfV46AeJA9D5EeeLa9w81KUXMtn34zhX+Q==
  /is-date-object/1.0.2:
    dev: false
    engines:
      node: '>= 0.4'
    resolution:
      integrity: sha512-USlDT524woQ08aoZFzh3/Z6ch9Y/EWXEHQ/AaRN0SkKq4t2Jw2R2339tSXmwuVoY7LLlBCbOIlx2myP/L5zk0g==
  /is-map/2.0.1:
    dev: false
    resolution:
      integrity: sha512-T/S49scO8plUiAOA2DBTBG3JHpn1yiw0kRp6dgiZ0v2/6twi5eiB0rHtHFH9ZIrvlWc6+4O+m4zg5+Z833aXgw==
  /is-regex/1.0.5:
    dependencies:
      has: 1.0.3
    dev: false
    engines:
      node: '>= 0.4'
    resolution:
      integrity: sha512-vlKW17SNq44owv5AQR3Cq0bQPEb8+kF3UKZ2fiZNOWtztYE5i0CzCZxFDwO58qAOWtxdBRVO/V5Qin1wjCqFYQ==
  /is-set/2.0.1:
    dev: false
    resolution:
      integrity: sha512-eJEzOtVyenDs1TMzSQ3kU3K+E0GUS9sno+F0OBT97xsgcJsF9nXMBtkT9/kut5JEpM7oL7X/0qxR17K3mcwIAA==
  /is-string/1.0.5:
    dev: false
    engines:
      node: '>= 0.4'
    resolution:
      integrity: sha512-buY6VNRjhQMiF1qWDouloZlQbRhDPCebwxSjxMjxgemYT46YMd2NR0/H+fBhEfWX4A/w9TBJ+ol+okqJKFE6vQ==
  /is-symbol/1.0.3:
    dependencies:
      has-symbols: 1.0.1
    dev: false
    engines:
      node: '>= 0.4'
    resolution:
      integrity: sha512-OwijhaRSgqvhm/0ZdAcXNZt9lYdKFpcRDT5ULUuYXPoT794UNOdU+gpT6Rzo7b4V2HUl/op6GqY894AZwv9faQ==
  /isarray/2.0.5:
    dev: false
    resolution:
      integrity: sha512-xHjhDr3cNBK0BzdUJSPXZntQUx/mwMS5Rw4A7lPJ90XGAO6ISP/ePDNuo0vhqOZU+UD5JoodwCAAoZQd3FeAKw==
  /iterate-iterator/1.0.1:
    dev: false
    resolution:
      integrity: sha512-3Q6tudGN05kbkDQDI4CqjaBf4qf85w6W6GnuZDtUVYwKgtC1q8yxYX7CZed7N+tLzQqS6roujWvszf13T+n9aw==
  /iterate-value/1.0.2:
    dependencies:
      es-get-iterator: 1.1.0
      iterate-iterator: 1.0.1
    dev: false
    resolution:
      integrity: sha512-A6fMAio4D2ot2r/TYzr4yUWrmwNdsN5xL7+HUiyACE4DXm+q8HtPcnFTp+NnW3k4N05tZ7FVYFFb2CR13NxyHQ==
  /minimist/1.2.5:
    dev: false
    resolution:
      integrity: sha512-FM9nNUYrRBAELZQT3xeZQ7fmMOBg6nWNmJKTcgsJeaLstP/UODVpGsr5OhXhhXg6f+qtJ8uiZ+PUxkDWcgIXLw==
  /module-alias/2.2.2:
    dev: false
    resolution:
      integrity: sha512-A/78XjoX2EmNvppVWEhM2oGk3x4lLxnkEA4jTbaK97QKSDjkIoOsKQlfylt/d3kKKi596Qy3NP5XrXJ6fZIC9Q==
  /ms/2.1.2:
    dev: false
    resolution:
      integrity: sha512-sGkPx+VjMtmA6MX27oA4FBFELFCZZ4S4XqeGOXCv68tT+jb3vk/RyaKWP0PTKyWtmLSM0b+adUTEvbs1PEaH2w==
  /node-fetch/2.6.0:
    dev: false
    engines:
      node: 4.x || >=6.0.0
    resolution:
      integrity: sha512-8dG4H5ujfvFiqDmVu9fQ5bOHUC15JMjMY/Zumv26oOvvVJjM67KF8koCWIabKQ1GJIa9r2mMZscBq/TbdOcmNA==
  /object-inspect/1.7.0:
    dev: false
    resolution:
      integrity: sha512-a7pEHdh1xKIAgTySUGgLMx/xwDZskN1Ud6egYYN3EdRW4ZMPNEDUTF+hwy2LUC+Bl+SyLXANnwz/jyh/qutKUw==
  /object-keys/1.1.1:
    dev: false
    engines:
      node: '>= 0.4'
    resolution:
      integrity: sha512-NuAESUOUMrlIXOfHKzD6bpPu3tYt3xvjNdRIQ+FeT0lNb4K8WR70CaDxhuNguS2XG+GjkyMwOzsN5ZktImfhLA==
  /object.assign/4.1.0:
    dependencies:
      define-properties: 1.1.3
      function-bind: 1.1.1
      has-symbols: 1.0.1
      object-keys: 1.1.1
    dev: false
    engines:
      node: '>= 0.4'
    resolution:
      integrity: sha512-exHJeq6kBKj58mqGyTQ9DFvrZC/eR6OwxzoM9YRoGBqrXYonaFyGiFMuc9VZrXf7DarreEwMpurG3dd+CNyW5w==
  /promise.allsettled/1.0.2:
    dependencies:
      array.prototype.map: 1.0.2
      define-properties: 1.1.3
      es-abstract: 1.17.5
      function-bind: 1.1.1
      iterate-value: 1.0.2
    dev: false
    engines:
      node: '>= 0.4'
    resolution:
      integrity: sha512-UpcYW5S1RaNKT6pd+s9jp9K9rlQge1UXKskec0j6Mmuq7UJCvlS2J2/s/yuPN8ehftf9HXMxWlKiPbGGUzpoRg==
  /qs/6.9.4:
    dev: false
    engines:
      node: '>=0.6'
    resolution:
      integrity: sha512-A1kFqHekCTM7cz0udomYUoYNWjBebHm/5wzU/XqrBRBNWectVH0QIiN+NEcZ0Dte5hvzHwbr8+XQmguPhJ6WdQ==
  /safe-buffer/5.1.2:
    dev: false
    resolution:
      integrity: sha512-Gd2UZBJDkXlY7GbJxfsE8/nvKkUEU1G38c1siN6QP6a9PT9MmHB8GnpscSmMJSoF8LOIrt8ud/wPtojys4G6+g==
  /sandwich-stream/2.0.2:
    dev: false
    engines:
      node: '>= 0.10'
    resolution:
      integrity: sha512-jLYV0DORrzY3xaz/S9ydJL6Iz7essZeAfnAavsJ+zsJGZ1MOnsS52yRjU3uF3pJa/lla7+wisp//fxOwOH8SKQ==
  /string.prototype.trimend/1.0.1:
    dependencies:
      define-properties: 1.1.3
      es-abstract: 1.17.5
    dev: false
    resolution:
      integrity: sha512-LRPxFUaTtpqYsTeNKaFOw3R4bxIzWOnbQ837QfBylo8jIxtcbK/A/sMV7Q+OAV/vWo+7s25pOE10KYSjaSO06g==
  /string.prototype.trimleft/2.1.2:
    dependencies:
      define-properties: 1.1.3
      es-abstract: 1.17.5
      string.prototype.trimstart: 1.0.1
    dev: false
    engines:
      node: '>= 0.4'
    resolution:
      integrity: sha512-gCA0tza1JBvqr3bfAIFJGqfdRTyPae82+KTnm3coDXkZN9wnuW3HjGgN386D7hfv5CHQYCI022/rJPVlqXyHSw==
  /string.prototype.trimright/2.1.2:
    dependencies:
      define-properties: 1.1.3
      es-abstract: 1.17.5
      string.prototype.trimend: 1.0.1
    dev: false
    engines:
      node: '>= 0.4'
    resolution:
      integrity: sha512-ZNRQ7sY3KroTaYjRS6EbNiiHrOkjihL9aQE/8gfQ4DtAC/aEBRHFJa44OmoWxGGqXuJlfKkZW4WcXErGr+9ZFg==
  /string.prototype.trimstart/1.0.1:
    dependencies:
      define-properties: 1.1.3
      es-abstract: 1.17.5
    dev: false
    resolution:
      integrity: sha512-XxZn+QpvrBI1FOcg6dIpxUPgWCPuNXvMD72aaRaUQv1eD4e/Qy8i/hFTe0BUmD60p/QA6bh1avmuPTfNjqVWRw==
  /supports-color/7.1.0:
    dependencies:
      has-flag: 4.0.0
    dev: false
    engines:
      node: '>=8'
    resolution:
      integrity: sha512-oRSIpR8pxT1Wr2FquTNnGet79b3BWljqOuoW/h4oBhxJ/HUbX5nX6JSruTkvXDCFMwDPvsaTTbvMLKZWSy0R5g==
  /telegraf/3.38.0:
    dependencies:
      debug: 4.1.1
      minimist: 1.2.5
      module-alias: 2.2.2
      node-fetch: 2.6.0
      sandwich-stream: 2.0.2
      telegram-typings: 3.6.1
    dev: false
    engines:
      node: '>=8'
    hasBin: true
    resolution:
      integrity: sha512-va4VlrKWp64JrowFoZX/NPzzA6q38kvaIukVXOWFO1V+jR1G8+hCfgJy4TX8Z3rwLJzwaBEet1QhikHDRZWl3A==
  /telegram-typings/3.6.1:
    dev: false
    resolution:
      integrity: sha512-njVv1EAhIZnmQVLocZEADYUyqA1WIXuVcDYlsp+mXua/XB0pxx+PKtMSPeZ/EE4wPWTw9h/hA9ASTT6yQelkiw==
  /top-package/1.0.1:
    dev: false
    resolution:
      integrity: sha512-tsuhQlHSigOTTvonxHXwqSKEVSnWMh2GvpTvXa5YmoyOwL5YvU4lTd/KNVZlKM5v7gqx44UEuQxyPQEpmaIHdg==
  /tslib/1.13.0:
    dev: false
    resolution:
      integrity: sha512-i/6DQjL8Xf3be4K/E6Wgpekn5Qasl1usyw++dAA35Ue5orEn65VIxOA+YvNNl9HV3qv70T7CNwjODHZrLwvd1Q==
  /twitch-chat-client/4.0.10_twitch@4.0.10:
    dependencies:
      '@d-fischer/logger': 0.2.3
      '@d-fischer/shared-utils': 1.4.2
      deprecate: 1.1.1
      ircv3: 0.22.1
      tslib: 1.13.0
      twitch: 4.0.10
    dev: false
    peerDependencies:
      twitch: ^4.0.0
    resolution:
      integrity: sha512-mkMMznlFWe5xeEayiJ1v+yyboK3tjLPbY/t4fNi7+vGfRXArCobbfu4Z/6Gqkr4e991Jza3wWMBgBRPdl37qCg==
  /twitch/4.0.10:
    dependencies:
      '@d-fischer/cache-decorators': 1.0.2
      '@d-fischer/logger': 0.2.3
      '@d-fischer/rate-limiter': 0.1.2
      '@d-fischer/shared-utils': 1.4.2
      '@types/promise.allsettled': 1.0.3
      '@types/qs': 6.9.3
      fetch-ponyfill: 6.1.0
      promise.allsettled: 1.0.2
      qs: 6.9.4
      top-package: 1.0.1
      tslib: 1.13.0
    dev: false
    requiresBuild: true
    resolution:
      integrity: sha512-5hdpDVoQ3kV2MRG+JqVFpXG9BpLBqN3oAYzZiuh9sfiAFqb4vNR9F93mQ5YuSNhTVeepV7aQu+no8faWaA19NA==
  /ultron/1.1.1:
    dev: false
    resolution:
      integrity: sha512-UIEXBNeYmKptWH6z8ZnqTeS8fV74zG0/eRU9VGkpzz+LIJNs8W/zM/L+7ctCkRrgbNnnR0xxw4bKOr0cW0N0Og==
  /universal-websocket-client/1.0.2:
    dependencies:
      ws: 3.3.3
    dev: false
    resolution:
      integrity: sha512-Pi6BdJtEAISb77GTbOLBLIWdYGezXgnJejrVBYKXxzNTsLcjJS+mWIJ2BRZElSlOG/wc7+yfOe5y30bzTu3Qqg==
  /ws/3.3.3:
    dependencies:
      async-limiter: 1.0.1
      safe-buffer: 5.1.2
      ultron: 1.1.1
    dev: false
    resolution:
      integrity: sha512-nnWLa/NwZSt4KQJu51MYlCcSQ5g7INpOrOMt4XV8j4dqTXdmlUmSHQ8/oLC069ckre0fRsgfvsKwbTdtKLCDkA==
  /ws/7.3.0:
    dev: false
    engines:
      node: '>=8.3.0'
    peerDependencies:
      bufferutil: ^4.0.1
      utf-8-validate: ^5.0.2
    peerDependenciesMeta:
      bufferutil:
        optional: true
      utf-8-validate:
        optional: true
    resolution:
      integrity: sha512-iFtXzngZVXPGgpTlP1rBqsUK82p9tKqsWRPg5L56egiljujJT3vGAYnHANvFxBieXrTFavhzhxW52jnaWV+w2w==
specifiers:
  '@types/node': ^14.0.5
  telegraf: ^3.38.0
  twitch: ^4.0.10
  twitch-chat-client: ^4.0.10
